<?xml version="1.0" encoding="utf-8"?>
<Project ToolsVersion="4.0" xmlns="http://schemas.microsoft.com/developer/msbuild/2003">
  <ItemGroup>
    <Filter Include="Vortex">
      <UniqueIdentifier>{EDC893D8-D96A-BEAE-C225-D202AE6645FF}</UniqueIdentifier>
    </Filter>
  </ItemGroup>
  <ItemGroup>
    <ClInclude Include="src\Vortex.h" />
    <ClInclude Include="src\Vortex\Application.h">
      <Filter>Vortex</Filter>
    </ClInclude>
    <ClInclude Include="src\Vortex\Core.h">
      <Filter>Vortex</Filter>
    </ClInclude>
    <ClInclude Include="src\Vortex\EntryPoint.h">
      <Filter>Vortex</Filter>
    </ClInclude>
    <ClInclude Include="src\Vortex\Log.h">
      <Filter>Vortex</Filter>
    </ClInclude>
  </ItemGroup>
  <ItemGroup>
    <ClCompile Include="src\Vortex\Application.cpp">
      <Filter>Vortex</Filter>
    </ClCompile>
    <ClCompile Include="src\Vortex\Log.cpp">
      <Filter>Vortex</Filter>
    </ClCompile>
  </ItemGroup>
</Project>